
Microsoft Visual Studio Solution File, Format Version 12.00
# Visual Studio 15
VisualStudioVersion = 15.0.28307.489
MinimumVisualStudioVersion = 10.0.40219.1
Project("{FAE04EC0-301F-11D3-BF4B-00C04F79EFBC}") = "Plataforma", "Plataforma\Plataforma.csproj", "{63CF27E7-6C70-47BD-B596-96CB118C6A4D}"
EndProject
Global
	GlobalSection(SolutionConfigurationPlatforms) = preSolution
		Debug|Any CPU = Debug|Any CPU
		Release|Any CPU = Release|Any CPU
	EndGlobalSection
	GlobalSection(ProjectConfigurationPlatforms) = postSolution
		{63CF27E7-6C70-47BD-B596-96CB118C6A4D}.Debug|Any CPU.ActiveCfg = Debug|Any CPU
		{63CF27E7-6C70-47BD-B596-96CB118C6A4D}.Debug|Any CPU.Build.0 = Debug|Any CPU
		{63CF27E7-6C70-47BD-B596-96CB118C6A4D}.Release|Any CPU.ActiveCfg = Release|Any CPU
		{63CF27E7-6C70-47BD-B596-96CB118C6A4D}.Release|Any CPU.Build.0 = Release|Any CPU
	EndGlobalSection
	GlobalSection(SolutionProperties) = preSolution
		HideSolutionNode = FALSE
	EndGlobalSection
	GlobalSection(ExtensibilityGlobals) = postSolution
		SolutionGuid = {5520C3A2-463C-49B6-91FE-E47AA4EAF13D}
	EndGlobalSection
EndGlobal
